
Microsoft Visual Studio Solution File, Format Version 12.00
# Visual Studio Version 17
VisualStudioVersion = 17.3.32929.385
MinimumVisualStudioVersion = 10.0.40219.1
Project("{F184B08F-C81C-45F6-A57F-5ABD9991F28F}") = "PointLib", "PointLib\PointLib.vbproj", "{BDAC5931-C3FC-455E-A7A1-12084310BB37}"
EndProject
Project("{FAE04EC0-301F-11D3-BF4B-00C04F79EFBC}") = "FormsApp", "FormsApp\FormsApp.csproj", "{7768C127-2AB7-4819-92EF-943B5B2B5429}"
EndProject
Global
	GlobalSection(SolutionConfigurationPlatforms) = preSolution
		Debug|Any CPU = Debug|Any CPU
		Release|Any CPU = Release|Any CPU
	EndGlobalSection
	GlobalSection(ProjectConfigurationPlatforms) = postSolution
		{BDAC5931-C3FC-455E-A7A1-12084310BB37}.Debug|Any CPU.ActiveCfg = Debug|Any CPU
		{BDAC5931-C3FC-455E-A7A1-12084310BB37}.Debug|Any CPU.Build.0 = Debug|Any CPU
		{BDAC5931-C3FC-455E-A7A1-12084310BB37}.Release|Any CPU.ActiveCfg = Release|Any CPU
		{BDAC5931-C3FC-455E-A7A1-12084310BB37}.Release|Any CPU.Build.0 = Release|Any CPU
		{7768C127-2AB7-4819-92EF-943B5B2B5429}.Debug|Any CPU.ActiveCfg = Debug|Any CPU
		{7768C127-2AB7-4819-92EF-943B5B2B5429}.Debug|Any CPU.Build.0 = Debug|Any CPU
		{7768C127-2AB7-4819-92EF-943B5B2B5429}.Release|Any CPU.ActiveCfg = Release|Any CPU
		{7768C127-2AB7-4819-92EF-943B5B2B5429}.Release|Any CPU.Build.0 = Release|Any CPU
	EndGlobalSection
	GlobalSection(SolutionProperties) = preSolution
		HideSolutionNode = FALSE
	EndGlobalSection
	GlobalSection(ExtensibilityGlobals) = postSolution
		SolutionGuid = {CB755618-CD0D-44B2-B6E7-B3B90A57BA72}
	EndGlobalSection
EndGlobal
